
Microsoft Visual Studio Solution File, Format Version 12.00
# Visual Studio Version 17
VisualStudioVersion = 17.1.32421.90
MinimumVisualStudioVersion = 10.0.40219.1
Project("{FAE04EC0-301F-11D3-BF4B-00C04F79EFBC}") = "DynaPractice", "DynaPractice\DynaPractice.csproj", "{8C3E7532-7839-4865-A897-5BDB962719A2}"
EndProject
Global
	GlobalSection(SolutionConfigurationPlatforms) = preSolution
		Debug|Any CPU = Debug|Any CPU
		Release|Any CPU = Release|Any CPU
	EndGlobalSection
	GlobalSection(ProjectConfigurationPlatforms) = postSolution
		{8C3E7532-7839-4865-A897-5BDB962719A2}.Debug|Any CPU.ActiveCfg = Debug|Any CPU
		{8C3E7532-7839-4865-A897-5BDB962719A2}.Debug|Any CPU.Build.0 = Debug|Any CPU
		{8C3E7532-7839-4865-A897-5BDB962719A2}.Release|Any CPU.ActiveCfg = Release|Any CPU
		{8C3E7532-7839-4865-A897-5BDB962719A2}.Release|Any CPU.Build.0 = Release|Any CPU
	EndGlobalSection
	GlobalSection(SolutionProperties) = preSolution
		HideSolutionNode = FALSE
	EndGlobalSection
	GlobalSection(ExtensibilityGlobals) = postSolution
		SolutionGuid = {732AD05A-FF3F-419E-9F10-B6A6B91118A2}
	EndGlobalSection
EndGlobal
